
Microsoft Visual Studio Solution File, Format Version 12.00
# Visual Studio Version 17
VisualStudioVersion = 17.6.33723.286
MinimumVisualStudioVersion = 10.0.40219.1
Project("{8BC9CEB8-8B4A-11D0-8D11-00A0C91BC942}") = "GodEye-App", "GodEye-App\GodEye-App.vcxproj", "{BEBFF4A1-FA0E-4CA9-813D-896D37283288}"
EndProject
Global
	GlobalSection(SolutionConfigurationPlatforms) = preSolution
		Debug|x64 = Debug|x64
		Debug|x86 = Debug|x86
		Release|x64 = Release|x64
		Release|x86 = Release|x86
	EndGlobalSection
	GlobalSection(ProjectConfigurationPlatforms) = postSolution
		{BEBFF4A1-FA0E-4CA9-813D-896D37283288}.Debug|x64.ActiveCfg = Debug|x64
		{BEBFF4A1-FA0E-4CA9-813D-896D37283288}.Debug|x64.Build.0 = Debug|x64
		{BEBFF4A1-FA0E-4CA9-813D-896D37283288}.Debug|x86.ActiveCfg = Debug|Win32
		{BEBFF4A1-FA0E-4CA9-813D-896D37283288}.Debug|x86.Build.0 = Debug|Win32
		{BEBFF4A1-FA0E-4CA9-813D-896D37283288}.Release|x64.ActiveCfg = Release|x64
		{BEBFF4A1-FA0E-4CA9-813D-896D37283288}.Release|x64.Build.0 = Release|x64
		{BEBFF4A1-FA0E-4CA9-813D-896D37283288}.Release|x86.ActiveCfg = Release|Win32
		{BEBFF4A1-FA0E-4CA9-813D-896D37283288}.Release|x86.Build.0 = Release|Win32
	EndGlobalSection
	GlobalSection(SolutionProperties) = preSolution
		HideSolutionNode = FALSE
	EndGlobalSection
	GlobalSection(ExtensibilityGlobals) = postSolution
		SolutionGuid = {57BB6F29-DDB9-44BA-AFDD-B8B92DF7B689}
	EndGlobalSection
EndGlobal
